{
  "name": "node-ndpi",
  "version": "1.0.0",
  "lockfileVersion": 1,
  "requires": true,
  "dependencies": {
    "napi-macros": {
      "version": "1.1.0",
      "resolved": "https://registry.npmjs.org/napi-macros/-/napi-macros-1.1.0.tgz",
      "integrity": "sha512-WbPb4CfSkXU4ZnbSutC/bfpJWx0/cubU6Xd01ZS+EQsbpBuhUPEhKBF/pirT2yURPAb4VqOYbfesVm4NVPj0fw=="
    },
    "node-gyp-build": {
      "version": "3.2.2",
      "resolved": "https://registry.npmjs.org/node-gyp-build/-/node-gyp-build-3.2.2.tgz",
      "integrity": "sha512-t8W/0UqFGl1c+5ORA3NoT3npU+PxWBL9iPhY7ZySSTszodj3RWexmu8niayWBE0v+0DLARvOXsjaAvfmSEQOyQ=="
    }
  }
}
